{
  "name": "rttys",
  "lockfileVersion": 2,
  "requires": true,
  "packages": {
    "": {
      "dependencies": {
        "vue-gtagjs": "^1.0.7"
      }
    },
    "node_modules/vue-gtagjs": {
      "version": "1.0.7",
      "resolved": "https://registry.npmjs.org/vue-gtagjs/-/vue-gtagjs-1.0.7.tgz",
      "integrity": "sha512-+zsO3RvfVzY3/95c97XslyxRmugFXKNDxtUGizU5q7sqgPLfBe8J4FMX4zgZdTOEM+I7d6oFBAqnXwVFVXq7AA=="
    }
  },
  "dependencies": {
    "vue-gtagjs": {
      "version": "1.0.7",
      "resolved": "https://registry.npmjs.org/vue-gtagjs/-/vue-gtagjs-1.0.7.tgz",
      "integrity": "sha512-+zsO3RvfVzY3/95c97XslyxRmugFXKNDxtUGizU5q7sqgPLfBe8J4FMX4zgZdTOEM+I7d6oFBAqnXwVFVXq7AA=="
    }
  }
}
